
Microsoft Visual Studio Solution File, Format Version 12.00
# Visual Studio 15
VisualStudioVersion = 15.0.28307.572
MinimumVisualStudioVersion = 10.0.40219.1
Project("{FAE04EC0-301F-11D3-BF4B-00C04F79EFBC}") = "AttributeTest", "AttributeTest.csproj", "{1896F131-E30C-4079-B7F6-D357A1753ECD}"
EndProject
Global
	GlobalSection(SolutionConfigurationPlatforms) = preSolution
		Debug|Any CPU = Debug|Any CPU
		Release|Any CPU = Release|Any CPU
	EndGlobalSection
	GlobalSection(ProjectConfigurationPlatforms) = postSolution
		{1896F131-E30C-4079-B7F6-D357A1753ECD}.Debug|Any CPU.ActiveCfg = Debug|Any CPU
		{1896F131-E30C-4079-B7F6-D357A1753ECD}.Debug|Any CPU.Build.0 = Debug|Any CPU
		{1896F131-E30C-4079-B7F6-D357A1753ECD}.Release|Any CPU.ActiveCfg = Release|Any CPU
		{1896F131-E30C-4079-B7F6-D357A1753ECD}.Release|Any CPU.Build.0 = Release|Any CPU
	EndGlobalSection
	GlobalSection(SolutionProperties) = preSolution
		HideSolutionNode = FALSE
	EndGlobalSection
	GlobalSection(ExtensibilityGlobals) = postSolution
		SolutionGuid = {ECEAB1B5-391A-4E21-BAA2-AF8B610A7ED7}
	EndGlobalSection
EndGlobal
